
Microsoft Visual Studio Solution File, Format Version 12.00
# Visual Studio 15
VisualStudioVersion = 15.0.27428.2037
MinimumVisualStudioVersion = 10.0.40219.1
Project("{FAE04EC0-301F-11D3-BF4B-00C04F79EFBC}") = "form1_milesKm", "form1_milesKm\form1_milesKm.csproj", "{3485EB4D-37DB-483B-9F38-600EB18F8096}"
EndProject
Project("{FAE04EC0-301F-11D3-BF4B-00C04F79EFBC}") = "form2_poundKg", "form2_poundKg\form2_poundKg.csproj", "{E342D311-737A-41FC-BE8E-A3DDDC2D9057}"
EndProject
Project("{FAE04EC0-301F-11D3-BF4B-00C04F79EFBC}") = "form3_convertor", "form3_convertor\form3_convertor.csproj", "{9A151EC0-171F-43B2-A77A-255FE6D8CF4F}"
EndProject
Project("{FAE04EC0-301F-11D3-BF4B-00C04F79EFBC}") = "form4_photo", "form4_photo\form4_photo.csproj", "{06F29AA2-B655-4CCA-B4C4-45874E3A54EC}"
EndProject
Project("{FAE04EC0-301F-11D3-BF4B-00C04F79EFBC}") = "form5_avto", "form5_avto\form5_avto.csproj", "{C6B55AAB-3BD0-4B48-8F13-CE328C50FF6F}"
EndProject
Project("{FAE04EC0-301F-11D3-BF4B-00C04F79EFBC}") = "form7_calculator", "form7_calculator\form7_calculator.csproj", "{1AE60A1F-1703-4818-B8D9-CAE1E21EAC36}"
EndProject
Project("{FAE04EC0-301F-11D3-BF4B-00C04F79EFBC}") = "form6_jalousie", "form6_jalousie\form6_jalousie.csproj", "{29806329-FE04-4B5A-9214-E3BBD5094358}"
EndProject
Project("{FAE04EC0-301F-11D3-BF4B-00C04F79EFBC}") = "form8_imageView", "form8_imageView\form8_imageView.csproj", "{F599D874-F35B-4932-B023-0720723B75DD}"
EndProject
Project("{FAE04EC0-301F-11D3-BF4B-00C04F79EFBC}") = "form9_imageView2", "form9_imageView2\form9_imageView2.csproj", "{0B87B0AD-FF28-44C7-AB9D-390AB2796740}"
EndProject
Project("{FAE04EC0-301F-11D3-BF4B-00C04F79EFBC}") = "stopWatch", "stopWatch\stopWatch.csproj", "{D8BB44D7-668C-45E7-8F81-F00E8DE7A0B2}"
EndProject
Project("{FAE04EC0-301F-11D3-BF4B-00C04F79EFBC}") = "form11_timer", "form11_timer\form11_timer.csproj", "{635C2AD3-E0D3-48CC-B0B0-9DE83F89D1A3}"
EndProject
Project("{FAE04EC0-301F-11D3-BF4B-00C04F79EFBC}") = "form12_drawString", "form12_drawString\form12_drawString.csproj", "{80E83A5C-8558-4298-83EB-62DD640B8D56}"
EndProject
Project("{FAE04EC0-301F-11D3-BF4B-00C04F79EFBC}") = "form13_diagrame", "form13_diagrame\form13_diagrame.csproj", "{C72071EB-CE9D-4D00-B46A-AEDFFA500F3F}"
EndProject
Project("{FAE04EC0-301F-11D3-BF4B-00C04F79EFBC}") = "form14_graph", "form14_graph\form14_graph.csproj", "{F4B3658B-2787-4751-B6BC-D24136D5238F}"
EndProject
Project("{FAE04EC0-301F-11D3-BF4B-00C04F79EFBC}") = "form15_circle_chart", "form15_circle_chart\form15_circle_chart.csproj", "{A0D15793-D7E7-4A9C-B358-B63D0AEF98F6}"
EndProject
Global
	GlobalSection(SolutionConfigurationPlatforms) = preSolution
		Debug|Any CPU = Debug|Any CPU
		Release|Any CPU = Release|Any CPU
	EndGlobalSection
	GlobalSection(ProjectConfigurationPlatforms) = postSolution
		{3485EB4D-37DB-483B-9F38-600EB18F8096}.Debug|Any CPU.ActiveCfg = Debug|Any CPU
		{3485EB4D-37DB-483B-9F38-600EB18F8096}.Debug|Any CPU.Build.0 = Debug|Any CPU
		{3485EB4D-37DB-483B-9F38-600EB18F8096}.Release|Any CPU.ActiveCfg = Release|Any CPU
		{3485EB4D-37DB-483B-9F38-600EB18F8096}.Release|Any CPU.Build.0 = Release|Any CPU
		{E342D311-737A-41FC-BE8E-A3DDDC2D9057}.Debug|Any CPU.ActiveCfg = Debug|Any CPU
		{E342D311-737A-41FC-BE8E-A3DDDC2D9057}.Debug|Any CPU.Build.0 = Debug|Any CPU
		{E342D311-737A-41FC-BE8E-A3DDDC2D9057}.Release|Any CPU.ActiveCfg = Release|Any CPU
		{E342D311-737A-41FC-BE8E-A3DDDC2D9057}.Release|Any CPU.Build.0 = Release|Any CPU
		{9A151EC0-171F-43B2-A77A-255FE6D8CF4F}.Debug|Any CPU.ActiveCfg = Debug|Any CPU
		{9A151EC0-171F-43B2-A77A-255FE6D8CF4F}.Debug|Any CPU.Build.0 = Debug|Any CPU
		{9A151EC0-171F-43B2-A77A-255FE6D8CF4F}.Release|Any CPU.ActiveCfg = Release|Any CPU
		{9A151EC0-171F-43B2-A77A-255FE6D8CF4F}.Release|Any CPU.Build.0 = Release|Any CPU
		{06F29AA2-B655-4CCA-B4C4-45874E3A54EC}.Debug|Any CPU.ActiveCfg = Debug|Any CPU
		{06F29AA2-B655-4CCA-B4C4-45874E3A54EC}.Debug|Any CPU.Build.0 = Debug|Any CPU
		{06F29AA2-B655-4CCA-B4C4-45874E3A54EC}.Release|Any CPU.ActiveCfg = Release|Any CPU
		{06F29AA2-B655-4CCA-B4C4-45874E3A54EC}.Release|Any CPU.Build.0 = Release|Any CPU
		{C6B55AAB-3BD0-4B48-8F13-CE328C50FF6F}.Debug|Any CPU.ActiveCfg = Debug|Any CPU
		{C6B55AAB-3BD0-4B48-8F13-CE328C50FF6F}.Debug|Any CPU.Build.0 = Debug|Any CPU
		{C6B55AAB-3BD0-4B48-8F13-CE328C50FF6F}.Release|Any CPU.ActiveCfg = Release|Any CPU
		{C6B55AAB-3BD0-4B48-8F13-CE328C50FF6F}.Release|Any CPU.Build.0 = Release|Any CPU
		{1AE60A1F-1703-4818-B8D9-CAE1E21EAC36}.Debug|Any CPU.ActiveCfg = Debug|Any CPU
		{1AE60A1F-1703-4818-B8D9-CAE1E21EAC36}.Debug|Any CPU.Build.0 = Debug|Any CPU
		{1AE60A1F-1703-4818-B8D9-CAE1E21EAC36}.Release|Any CPU.ActiveCfg = Release|Any CPU
		{1AE60A1F-1703-4818-B8D9-CAE1E21EAC36}.Release|Any CPU.Build.0 = Release|Any CPU
		{29806329-FE04-4B5A-9214-E3BBD5094358}.Debug|Any CPU.ActiveCfg = Debug|Any CPU
		{29806329-FE04-4B5A-9214-E3BBD5094358}.Debug|Any CPU.Build.0 = Debug|Any CPU
		{29806329-FE04-4B5A-9214-E3BBD5094358}.Release|Any CPU.ActiveCfg = Release|Any CPU
		{29806329-FE04-4B5A-9214-E3BBD5094358}.Release|Any CPU.Build.0 = Release|Any CPU
		{F599D874-F35B-4932-B023-0720723B75DD}.Debug|Any CPU.ActiveCfg = Debug|Any CPU
		{F599D874-F35B-4932-B023-0720723B75DD}.Debug|Any CPU.Build.0 = Debug|Any CPU
		{F599D874-F35B-4932-B023-0720723B75DD}.Release|Any CPU.ActiveCfg = Release|Any CPU
		{F599D874-F35B-4932-B023-0720723B75DD}.Release|Any CPU.Build.0 = Release|Any CPU
		{0B87B0AD-FF28-44C7-AB9D-390AB2796740}.Debug|Any CPU.ActiveCfg = Debug|Any CPU
		{0B87B0AD-FF28-44C7-AB9D-390AB2796740}.Debug|Any CPU.Build.0 = Debug|Any CPU
		{0B87B0AD-FF28-44C7-AB9D-390AB2796740}.Release|Any CPU.ActiveCfg = Release|Any CPU
		{0B87B0AD-FF28-44C7-AB9D-390AB2796740}.Release|Any CPU.Build.0 = Release|Any CPU
		{D8BB44D7-668C-45E7-8F81-F00E8DE7A0B2}.Debug|Any CPU.ActiveCfg = Debug|Any CPU
		{D8BB44D7-668C-45E7-8F81-F00E8DE7A0B2}.Debug|Any CPU.Build.0 = Debug|Any CPU
		{D8BB44D7-668C-45E7-8F81-F00E8DE7A0B2}.Release|Any CPU.ActiveCfg = Release|Any CPU
		{D8BB44D7-668C-45E7-8F81-F00E8DE7A0B2}.Release|Any CPU.Build.0 = Release|Any CPU
		{635C2AD3-E0D3-48CC-B0B0-9DE83F89D1A3}.Debug|Any CPU.ActiveCfg = Debug|Any CPU
		{635C2AD3-E0D3-48CC-B0B0-9DE83F89D1A3}.Debug|Any CPU.Build.0 = Debug|Any CPU
		{635C2AD3-E0D3-48CC-B0B0-9DE83F89D1A3}.Release|Any CPU.ActiveCfg = Release|Any CPU
		{635C2AD3-E0D3-48CC-B0B0-9DE83F89D1A3}.Release|Any CPU.Build.0 = Release|Any CPU
		{80E83A5C-8558-4298-83EB-62DD640B8D56}.Debug|Any CPU.ActiveCfg = Debug|Any CPU
		{80E83A5C-8558-4298-83EB-62DD640B8D56}.Debug|Any CPU.Build.0 = Debug|Any CPU
		{80E83A5C-8558-4298-83EB-62DD640B8D56}.Release|Any CPU.ActiveCfg = Release|Any CPU
		{80E83A5C-8558-4298-83EB-62DD640B8D56}.Release|Any CPU.Build.0 = Release|Any CPU
		{C72071EB-CE9D-4D00-B46A-AEDFFA500F3F}.Debug|Any CPU.ActiveCfg = Debug|Any CPU
		{C72071EB-CE9D-4D00-B46A-AEDFFA500F3F}.Debug|Any CPU.Build.0 = Debug|Any CPU
		{C72071EB-CE9D-4D00-B46A-AEDFFA500F3F}.Release|Any CPU.ActiveCfg = Release|Any CPU
		{C72071EB-CE9D-4D00-B46A-AEDFFA500F3F}.Release|Any CPU.Build.0 = Release|Any CPU
		{F4B3658B-2787-4751-B6BC-D24136D5238F}.Debug|Any CPU.ActiveCfg = Debug|Any CPU
		{F4B3658B-2787-4751-B6BC-D24136D5238F}.Debug|Any CPU.Build.0 = Debug|Any CPU
		{F4B3658B-2787-4751-B6BC-D24136D5238F}.Release|Any CPU.ActiveCfg = Release|Any CPU
		{F4B3658B-2787-4751-B6BC-D24136D5238F}.Release|Any CPU.Build.0 = Release|Any CPU
		{A0D15793-D7E7-4A9C-B358-B63D0AEF98F6}.Debug|Any CPU.ActiveCfg = Debug|Any CPU
		{A0D15793-D7E7-4A9C-B358-B63D0AEF98F6}.Debug|Any CPU.Build.0 = Debug|Any CPU
		{A0D15793-D7E7-4A9C-B358-B63D0AEF98F6}.Release|Any CPU.ActiveCfg = Release|Any CPU
		{A0D15793-D7E7-4A9C-B358-B63D0AEF98F6}.Release|Any CPU.Build.0 = Release|Any CPU
	EndGlobalSection
	GlobalSection(SolutionProperties) = preSolution
		HideSolutionNode = FALSE
	EndGlobalSection
	GlobalSection(ExtensibilityGlobals) = postSolution
		SolutionGuid = {00C46996-750A-4FA5-8339-B9D72028E601}
	EndGlobalSection
EndGlobal
